// !$*UTF8*$!
{
	archiveVersion = 1;
	classes = {
	};
	objectVersion = 46;
	objects = {

/* Begin PBXBuildFile section */
		C42854B018571035000164B1 /* UIKit.framework in Frameworks */ = {isa = PBXBuildFile; fileRef = C42854AF18571035000164B1 /* UIKit.framework */; };
		C42854B218571035000164B1 /* Foundation.framework in Frameworks */ = {isa = PBXBuildFile; fileRef = C42854B118571035000164B1 /* Foundation.framework */; };
		C42854B418571035000164B1 /* CoreGraphics.framework in Frameworks */ = {isa = PBXBuildFile; fileRef = C42854B318571035000164B1 /* CoreGraphics.framework */; };
		C42854BA18571036000164B1 /* InfoPlist.strings in Resources */ = {isa = PBXBuildFile; fileRef = C42854B818571036000164B1 /* InfoPlist.strings */; };
		C42854BC18571036000164B1 /* main.m in Sources */ = {isa = PBXBuildFile; fileRef = C42854BB18571036000164B1 /* main.m */; };
		C42854C018571036000164B1 /* BTAppDelegate.m in Sources */ = {isa = PBXBuildFile; fileRef = C42854BF18571036000164B1 /* BTAppDelegate.m */; };
		C42854C218571036000164B1 /* Default.png in Resources */ = {isa = PBXBuildFile; fileRef = C42854C118571036000164B1 /* Default.png */; };
		C42854C418571036000164B1 /* Default@2x.png in Resources */ = {isa = PBXBuildFile; fileRef = C42854C318571036000164B1 /* Default@2x.png */; };
		C42854C618571036000164B1 /* Default-568h@2x.png in Resources */ = {isa = PBXBuildFile; fileRef = C42854C518571036000164B1 /* Default-568h@2x.png */; };
/* End PBXBuildFile section */

/* Begin PBXFileReference section */
		C42854AC18571035000164B1 /* BTPageViewControllerDemo.app */ = {isa = PBXFileReference; explicitFileType = wrapper.application; includeInIndex = 0; path = BTPageViewControllerDemo.app; sourceTree = BUILT_PRODUCTS_DIR; };
		C42854AF18571035000164B1 /* UIKit.framework */ = {isa = PBXFileReference; lastKnownFileType = wrapper.framework; name = UIKit.framework; path = System/Library/Frameworks/UIKit.framework; sourceTree = SDKROOT; };
		C42854B118571035000164B1 /* Foundation.framework */ = {isa = PBXFileReference; lastKnownFileType = wrapper.framework; name = Foundation.framework; path = System/Library/Frameworks/Foundation.framework; sourceTree = SDKROOT; };
		C42854B318571035000164B1 /* CoreGraphics.framework */ = {isa = PBXFileReference; lastKnownFileType = wrapper.framework; name = CoreGraphics.framework; path = System/Library/Frameworks/CoreGraphics.framework; sourceTree = SDKROOT; };
		C42854B718571036000164B1 /* BTPageViewControllerDemo-Info.plist */ = {isa = PBXFileReference; lastKnownFileType = text.plist.xml; path = "BTPageViewControllerDemo-Info.plist"; sourceTree = "<group>"; };
		C42854B918571036000164B1 /* en */ = {isa = PBXFileReference; lastKnownFileType = text.plist.strings; name = en; path = en.lproj/InfoPlist.strings; sourceTree = "<group>"; };
		C42854BB18571036000164B1 /* main.m */ = {isa = PBXFileReference; lastKnownFileType = sourcecode.c.objc; path = main.m; sourceTree = "<group>"; };
		C42854BD18571036000164B1 /* BTPageViewControllerDemo-Prefix.pch */ = {isa = PBXFileReference; lastKnownFileType = sourcecode.c.h; path = "BTPageViewControllerDemo-Prefix.pch"; sourceTree = "<group>"; };
		C42854BE18571036000164B1 /* BTAppDelegate.h */ = {isa = PBXFileReference; lastKnownFileType = sourcecode.c.h; path = BTAppDelegate.h; sourceTree = "<group>"; };
		C42854BF18571036000164B1 /* BTAppDelegate.m */ = {isa = PBXFileReference; lastKnownFileType = sourcecode.c.objc; path = BTAppDelegate.m; sourceTree = "<group>"; };
		C42854C118571036000164B1 /* Default.png */ = {isa = PBXFileReference; lastKnownFileType = image.png; path = Default.png; sourceTree = "<group>"; };
		C42854C318571036000164B1 /* Default@2x.png */ = {isa = PBXFileReference; lastKnownFileType = image.png; path = "Default@2x.png"; sourceTree = "<group>"; };
		C42854C518571036000164B1 /* Default-568h@2x.png */ = {isa = PBXFileReference; lastKnownFileType = image.png; path = "Default-568h@2x.png"; sourceTree = "<group>"; };
/* End PBXFileReference section */

/* Begin PBXFrameworksBuildPhase section */
		C42854A918571035000164B1 /* Frameworks */ = {
			isa = PBXFrameworksBuildPhase;
			buildActionMask = 2147483647;
			files = (
				C42854B018571035000164B1 /* UIKit.framework in Frameworks */,
				C42854B218571035000164B1 /* Foundation.framework in Frameworks */,
				C42854B418571035000164B1 /* CoreGraphics.framework in Frameworks */,
			);
			runOnlyForDeploymentPostprocessing = 0;
		};
/* End PBXFrameworksBuildPhase section */

/* Begin PBXGroup section */
		C42854A318571035000164B1 = {
			isa = PBXGroup;
			children = (
				C42854B518571035000164B1 /* BTPageViewControllerDemo */,
				C42854AE18571035000164B1 /* Frameworks */,
				C42854AD18571035000164B1 /* Products */,
			);
			sourceTree = "<group>";
		};
		C42854AD18571035000164B1 /* Products */ = {
			isa = PBXGroup;
			children = (
				C42854AC18571035000164B1 /* BTPageViewControllerDemo.app */,
			);
			name = Products;
			sourceTree = "<group>";
		};
		C42854AE18571035000164B1 /* Frameworks */ = {
			isa = PBXGroup;
			children = (
				C42854AF18571035000164B1 /* UIKit.framework */,
				C42854B118571035000164B1 /* Foundation.framework */,
				C42854B318571035000164B1 /* CoreGraphics.framework */,
			);
			name = Frameworks;
			sourceTree = "<group>";
		};
		C42854B518571035000164B1 /* BTPageViewControllerDemo */ = {
			isa = PBXGroup;
			children = (
				C42854BE18571036000164B1 /* BTAppDelegate.h */,
				C42854BF18571036000164B1 /* BTAppDelegate.m */,
				C42854B618571035000164B1 /* Supporting Files */,
			);
			path = BTPageViewControllerDemo;
			sourceTree = "<group>";
		};
		C42854B618571035000164B1 /* Supporting Files */ = {
			isa = PBXGroup;
			children = (
				C42854B718571036000164B1 /* BTPageViewControllerDemo-Info.plist */,
				C42854B818571036000164B1 /* InfoPlist.strings */,
				C42854BB18571036000164B1 /* main.m */,
				C42854BD18571036000164B1 /* BTPageViewControllerDemo-Prefix.pch */,
				C42854C118571036000164B1 /* Default.png */,
				C42854C318571036000164B1 /* Default@2x.png */,
				C42854C518571036000164B1 /* Default-568h@2x.png */,
			);
			name = "Supporting Files";
			sourceTree = "<group>";
		};
/* End PBXGroup section */

/* Begin PBXNativeTarget section */
		C42854AB18571035000164B1 /* BTPageViewControllerDemo */ = {
			isa = PBXNativeTarget;
			buildConfigurationList = C42854C918571036000164B1 /* Build configuration list for PBXNativeTarget "BTPageViewControllerDemo" */;
			buildPhases = (
				C42854A818571035000164B1 /* Sources */,
				C42854A918571035000164B1 /* Frameworks */,
				C42854AA18571035000164B1 /* Resources */,
			);
			buildRules = (
			);
			dependencies = (
			);
			name = BTPageViewControllerDemo;
			productName = BTPageViewControllerDemo;
			productReference = C42854AC18571035000164B1 /* BTPageViewControllerDemo.app */;
			productType = "com.apple.product-type.application";
		};
/* End PBXNativeTarget section */

/* Begin PBXProject section */
		C42854A418571035000164B1 /* Project object */ = {
			isa = PBXProject;
			attributes = {
				CLASSPREFIX = BT;
				LastUpgradeCheck = 0460;
				ORGANIZATIONNAME = "巩 鹏军";
			};
			buildConfigurationList = C42854A718571035000164B1 /* Build configuration list for PBXProject "BTPageViewControllerDemo" */;
			compatibilityVersion = "Xcode 3.2";
			developmentRegion = English;
			hasScannedForEncodings = 0;
			knownRegions = (
				en,
			);
			mainGroup = C42854A318571035000164B1;
			productRefGroup = C42854AD18571035000164B1 /* Products */;
			projectDirPath = "";
			projectRoot = "";
			targets = (
				C42854AB18571035000164B1 /* BTPageViewControllerDemo */,
			);
		};
/* End PBXProject section */

/* Begin PBXResourcesBuildPhase section */
		C42854AA18571035000164B1 /* Resources */ = {
			isa = PBXResourcesBuildPhase;
			buildActionMask = 2147483647;
			files = (
				C42854BA18571036000164B1 /* InfoPlist.strings in Resources */,
				C42854C218571036000164B1 /* Default.png in Resources */,
				C42854C418571036000164B1 /* Default@2x.png in Resources */,
				C42854C618571036000164B1 /* Default-568h@2x.png in Resources */,
			);
			runOnlyForDeploymentPostprocessing = 0;
		};
/* End PBXResourcesBuildPhase section */

/* Begin PBXSourcesBuildPhase section */
		C42854A818571035000164B1 /* Sources */ = {
			isa = PBXSourcesBuildPhase;
			buildActionMask = 2147483647;
			files = (
				C42854BC18571036000164B1 /* main.m in Sources */,
				C42854C018571036000164B1 /* BTAppDelegate.m in Sources */,
			);
			runOnlyForDeploymentPostprocessing = 0;
		};
/* End PBXSourcesBuildPhase section */

/* Begin PBXVariantGroup section */
		C42854B818571036000164B1 /* InfoPlist.strings */ = {
			isa = PBXVariantGroup;
			children = (
				C42854B918571036000164B1 /* en */,
			);
			name = InfoPlist.strings;
			sourceTree = "<group>";
		};
/* End PBXVariantGroup section */

/* Begin XCBuildConfiguration section */
		C42854C718571036000164B1 /* Debug */ = {
			isa = XCBuildConfiguration;
			buildSettings = {
				ALWAYS_SEARCH_USER_PATHS = NO;
				CLANG_CXX_LANGUAGE_STANDARD = "gnu++0x";
				CLANG_CXX_LIBRARY = "libc++";
				CLANG_WARN_CONSTANT_CONVERSION = YES;
				CLANG_WARN_EMPTY_BODY = YES;
				CLANG_WARN_ENUM_CONVERSION = YES;
				CLANG_WARN_INT_CONVERSION = YES;
				CLANG_WARN__DUPLICATE_METHOD_MATCH = YES;
				"CODE_SIGN_IDENTITY[sdk=iphoneos*]" = "iPhone Developer";
				COPY_PHASE_STRIP = NO;
				GCC_C_LANGUAGE_STANDARD = gnu99;
				GCC_DYNAMIC_NO_PIC = NO;
				GCC_OPTIMIZATION_LEVEL = 0;
				GCC_PREPROCESSOR_DEFINITIONS = (
					"DEBUG=1",
					"$(inherited)",
				);
				GCC_SYMBOLS_PRIVATE_EXTERN = NO;
				GCC_WARN_ABOUT_RETURN_TYPE = YES;
				GCC_WARN_UNINITIALIZED_AUTOS = YES;
				GCC_WARN_UNUSED_VARIABLE = YES;
				IPHONEOS_DEPLOYMENT_TARGET = 6.1;
				ONLY_ACTIVE_ARCH = YES;
				SDKROOT = iphoneos;
			};
			name = Debug;
		};
		C42854C818571036000164B1 /* Release */ = {
			isa = XCBuildConfiguration;
			buildSettings = {
				ALWAYS_SEARCH_USER_PATHS = NO;
				CLANG_CXX_LANGUAGE_STANDARD = "gnu++0x";
				CLANG_CXX_LIBRARY = "libc++";
				CLANG_WARN_CONSTANT_CONVERSION = YES;
				CLANG_WARN_EMPTY_BODY = YES;
				CLANG_WARN_ENUM_CONVERSION = YES;
				CLANG_WARN_INT_CONVERSION = YES;
				CLANG_WARN__DUPLICATE_METHOD_MATCH = YES;
				"CODE_SIGN_IDENTITY[sdk=iphoneos*]" = "iPhone Developer";
				COPY_PHASE_STRIP = YES;
				GCC_C_LANGUAGE_STANDARD = gnu99;
				GCC_WARN_ABOUT_RETURN_TYPE = YES;
				GCC_WARN_UNINITIALIZED_AUTOS = YES;
				GCC_WARN_UNUSED_VARIABLE = YES;
				IPHONEOS_DEPLOYMENT_TARGET = 6.1;
				OTHER_CFLAGS = "-DNS_BLOCK_ASSERTIONS=1";
				SDKROOT = iphoneos;
				VALIDATE_PRODUCT = YES;
			};
			name = Release;
		};
		C42854CA18571036000164B1 /* Debug */ = {
			isa = XCBuildConfiguration;
			buildSettings = {
				GCC_PRECOMPILE_PREFIX_HEADER = YES;
				GCC_PREFIX_HEADER = "BTPageViewControllerDemo/BTPageViewControllerDemo-Prefix.pch";
				INFOPLIST_FILE = "BTPageViewControllerDemo/BTPageViewControllerDemo-Info.plist";
				IPHONEOS_DEPLOYMENT_TARGET = 5.0;
				PRODUCT_NAME = "$(TARGET_NAME)";
				WRAPPER_EXTENSION = app;
			};
			name = Debug;
		};
		C42854CB18571036000164B1 /* Release */ = {
			isa = XCBuildConfiguration;
			buildSettings = {
				GCC_PRECOMPILE_PREFIX_HEADER = YES;
				GCC_PREFIX_HEADER = "BTPageViewControllerDemo/BTPageViewControllerDemo-Prefix.pch";
				INFOPLIST_FILE = "BTPageViewControllerDemo/BTPageViewControllerDemo-Info.plist";
				IPHONEOS_DEPLOYMENT_TARGET = 5.0;
				PRODUCT_NAME = "$(TARGET_NAME)";
				WRAPPER_EXTENSION = app;
			};
			name = Release;
		};
/* End XCBuildConfiguration section */

/* Begin XCConfigurationList section */
		C42854A718571035000164B1 /* Build configuration list for PBXProject "BTPageViewControllerDemo" */ = {
			isa = XCConfigurationList;
			buildConfigurations = (
				C42854C718571036000164B1 /* Debug */,
				C42854C818571036000164B1 /* Release */,
			);
			defaultConfigurationIsVisible = 0;
			defaultConfigurationName = Release;
		};
		C42854C918571036000164B1 /* Build configuration list for PBXNativeTarget "BTPageViewControllerDemo" */ = {
			isa = XCConfigurationList;
			buildConfigurations = (
				C42854CA18571036000164B1 /* Debug */,
				C42854CB18571036000164B1 /* Release */,
			);
			defaultConfigurationIsVisible = 0;
			defaultConfigurationName = Release;
		};
/* End XCConfigurationList section */
	};
	rootObject = C42854A418571035000164B1 /* Project object */;
}
